
Microsoft Visual Studio Solution File, Format Version 12.00
# Visual Studio 2012
Project("{D954291E-2A0B-460D-934E-DC6B0785DB48}") = "ELXamarin3", "ELXamarin3\ELXamarin3.shproj", "{AB5708A3-0B5E-48E4-B11D-0BE90E72B94B}"
EndProject
Project("{FAE04EC0-301F-11D3-BF4B-00C04F79EFBC}") = "ELXamarin3.iOS", "iOS\ELXamarin3.iOS.csproj", "{0EE8EE12-C87E-461C-BEB5-AFC168DFF875}"
EndProject
Project("{FAE04EC0-301F-11D3-BF4B-00C04F79EFBC}") = "ELXamarin3.Droid", "Droid\ELXamarin3.Droid.csproj", "{8895949E-1EE9-4022-BE0F-B4191E9CC556}"
EndProject
Global
	GlobalSection(SolutionConfigurationPlatforms) = preSolution
		Debug|iPhoneSimulator = Debug|iPhoneSimulator
		Release|iPhone = Release|iPhone
		Release|iPhoneSimulator = Release|iPhoneSimulator
		Debug|iPhone = Debug|iPhone
		Debug|Any CPU = Debug|Any CPU
		Release|Any CPU = Release|Any CPU
	EndGlobalSection
	GlobalSection(ProjectConfigurationPlatforms) = postSolution
		{0EE8EE12-C87E-461C-BEB5-AFC168DFF875}.Debug|iPhoneSimulator.ActiveCfg = Debug|iPhoneSimulator
		{0EE8EE12-C87E-461C-BEB5-AFC168DFF875}.Debug|iPhoneSimulator.Build.0 = Debug|iPhoneSimulator
		{0EE8EE12-C87E-461C-BEB5-AFC168DFF875}.Release|iPhone.ActiveCfg = Release|iPhone
		{0EE8EE12-C87E-461C-BEB5-AFC168DFF875}.Release|iPhone.Build.0 = Release|iPhone
		{0EE8EE12-C87E-461C-BEB5-AFC168DFF875}.Release|iPhoneSimulator.ActiveCfg = Release|iPhoneSimulator
		{0EE8EE12-C87E-461C-BEB5-AFC168DFF875}.Release|iPhoneSimulator.Build.0 = Release|iPhoneSimulator
		{0EE8EE12-C87E-461C-BEB5-AFC168DFF875}.Debug|iPhone.ActiveCfg = Debug|iPhone
		{0EE8EE12-C87E-461C-BEB5-AFC168DFF875}.Debug|iPhone.Build.0 = Debug|iPhone
		{0EE8EE12-C87E-461C-BEB5-AFC168DFF875}.Debug|Any CPU.ActiveCfg = Debug|iPhoneSimulator
		{0EE8EE12-C87E-461C-BEB5-AFC168DFF875}.Debug|Any CPU.Build.0 = Debug|iPhoneSimulator
		{0EE8EE12-C87E-461C-BEB5-AFC168DFF875}.Release|Any CPU.ActiveCfg = Release|iPhone
		{0EE8EE12-C87E-461C-BEB5-AFC168DFF875}.Release|Any CPU.Build.0 = Release|iPhone
		{8895949E-1EE9-4022-BE0F-B4191E9CC556}.Debug|iPhoneSimulator.ActiveCfg = Debug|Any CPU
		{8895949E-1EE9-4022-BE0F-B4191E9CC556}.Debug|iPhoneSimulator.Build.0 = Debug|Any CPU
		{8895949E-1EE9-4022-BE0F-B4191E9CC556}.Release|iPhone.ActiveCfg = Release|Any CPU
		{8895949E-1EE9-4022-BE0F-B4191E9CC556}.Release|iPhone.Build.0 = Release|Any CPU
		{8895949E-1EE9-4022-BE0F-B4191E9CC556}.Release|iPhoneSimulator.ActiveCfg = Release|Any CPU
		{8895949E-1EE9-4022-BE0F-B4191E9CC556}.Release|iPhoneSimulator.Build.0 = Release|Any CPU
		{8895949E-1EE9-4022-BE0F-B4191E9CC556}.Debug|iPhone.ActiveCfg = Debug|Any CPU
		{8895949E-1EE9-4022-BE0F-B4191E9CC556}.Debug|iPhone.Build.0 = Debug|Any CPU
		{8895949E-1EE9-4022-BE0F-B4191E9CC556}.Debug|Any CPU.ActiveCfg = Debug|Any CPU
		{8895949E-1EE9-4022-BE0F-B4191E9CC556}.Debug|Any CPU.Build.0 = Debug|Any CPU
		{8895949E-1EE9-4022-BE0F-B4191E9CC556}.Release|Any CPU.ActiveCfg = Release|Any CPU
		{8895949E-1EE9-4022-BE0F-B4191E9CC556}.Release|Any CPU.Build.0 = Release|Any CPU
	EndGlobalSection
EndGlobal
